# THIS IS AN AUTOGENERATED FILE. DO NOT EDIT THIS FILE DIRECTLY.
# yarn lockfile v1


"@babel/runtime@^7.1.2", "@babel/runtime@^7.3.1":
  version "7.4.3"
  resolved "https://registry.yarnpkg.com/@babel/runtime/-/runtime-7.4.3.tgz#79888e452034223ad9609187a0ad1fe0d2ad4bdc"
  dependencies:
    regenerator-runtime "^0.13.2"

"@semantic-ui-react/event-stack@^3.1.0":
  version "3.1.0"
  resolved "https://registry.yarnpkg.com/@semantic-ui-react/event-stack/-/event-stack-3.1.0.tgz#aadbe4a28b0dd7703c5f451640d0fefe66dd9208"
  dependencies:
    exenv "^1.2.2"
    prop-types "^15.6.2"

"@types/json-schema@^7.0.3":
  version "7.0.3"
  resolved "https://registry.yarnpkg.com/@types/json-schema/-/json-schema-7.0.3.tgz#bdfd69d61e464dcc81b25159c270d75a73c1a636"

"@types/prop-types@*":
  version "15.7.0"
  resolved "https://registry.yarnpkg.com/@types/prop-types/-/prop-types-15.7.0.tgz#4c48fed958d6dcf9487195a0ef6456d5f6e0163a"

"@types/react@^16.8.13":
  version "16.8.13"
  resolved "https://registry.yarnpkg.com/@types/react/-/react-16.8.13.tgz#a82b15aad9ab91c40edca0d6889b7745ae24f053"
  dependencies:
    "@types/prop-types" "*"
    csstype "^2.2.0"

"@types/zen-observable@^0.8.0":
  version "0.8.0"
  resolved "https://registry.yarnpkg.com/@types/zen-observable/-/zen-observable-0.8.0.tgz#8b63ab7f1aa5321248aad5ac890a485656dcea4d"

ajv@^6.10.0:
  version "6.10.0"
  resolved "https://registry.yarnpkg.com/ajv/-/ajv-6.10.0.tgz#90d0d54439da587cd7e843bfb7045f50bd22bdf1"
  dependencies:
    fast-deep-equal "^2.0.1"
    fast-json-stable-stringify "^2.0.0"
    json-schema-traverse "^0.4.1"
    uri-js "^4.2.2"

apollo-cache@1.2.1:
  version "1.2.1"
  resolved "https://registry.yarnpkg.com/apollo-cache/-/apollo-cache-1.2.1.tgz#aae71eb4a11f1f7322adc343f84b1a39b0693644"
  dependencies:
    apollo-utilities "^1.2.1"
    tslib "^1.9.3"

apollo-client@^2.5.1:
  version "2.5.1"
  resolved "https://registry.yarnpkg.com/apollo-client/-/apollo-client-2.5.1.tgz#36126ed1d32edd79c3713c6684546a3bea80e6d1"
  dependencies:
    "@types/zen-observable" "^0.8.0"
    apollo-cache "1.2.1"
    apollo-link "^1.0.0"
    apollo-link-dedup "^1.0.0"
    apollo-utilities "1.2.1"
    symbol-observable "^1.0.2"
    ts-invariant "^0.2.1"
    tslib "^1.9.3"
    zen-observable "^0.8.0"

apollo-link-dedup@^1.0.0:
  version "1.0.18"
  resolved "https://registry.yarnpkg.com/apollo-link-dedup/-/apollo-link-dedup-1.0.18.tgz#635cb5659b082e7f270f7649c4b0f71021f7bb4b"
  dependencies:
    apollo-link "^1.2.11"
    tslib "^1.9.3"

apollo-link@^1.0.0, apollo-link@^1.2.11:
  version "1.2.11"
  resolved "https://registry.yarnpkg.com/apollo-link/-/apollo-link-1.2.11.tgz#493293b747ad3237114ccd22e9f559e5e24a194d"
  dependencies:
    apollo-utilities "^1.2.1"
    ts-invariant "^0.3.2"
    tslib "^1.9.3"
    zen-observable-ts "^0.8.18"

apollo-utilities@1.2.1, apollo-utilities@^1.2.1:
  version "1.2.1"
  resolved "https://registry.yarnpkg.com/apollo-utilities/-/apollo-utilities-1.2.1.tgz#1c3a1ebf5607d7c8efe7636daaf58e7463b41b3c"
  dependencies:
    fast-json-stable-stringify "^2.0.0"
    ts-invariant "^0.2.1"
    tslib "^1.9.3"

classnames@^2.2.6:
  version "2.2.6"
  resolved "https://registry.yarnpkg.com/classnames/-/classnames-2.2.6.tgz#43935bffdd291f326dad0a205309b38d00f650ce"

csstype@^2.2.0:
  version "2.6.3"
  resolved "https://registry.yarnpkg.com/csstype/-/csstype-2.6.3.tgz#b701e5968245bf9b08d54ac83d00b624e622a9fa"

exenv@^1.2.2:
  version "1.2.2"
  resolved "https://registry.yarnpkg.com/exenv/-/exenv-1.2.2.tgz#2ae78e85d9894158670b03d47bec1f03bd91bb9d"

fast-deep-equal@^2.0.1:
  version "2.0.1"
  resolved "https://registry.yarnpkg.com/fast-deep-equal/-/fast-deep-equal-2.0.1.tgz#7b05218ddf9667bf7f370bf7fdb2cb15fdd0aa49"

fast-json-stable-stringify@^2.0.0:
  version "2.0.0"
  resolved "https://registry.yarnpkg.com/fast-json-stable-stringify/-/fast-json-stable-stringify-2.0.0.tgz#d5142c0caee6b1189f87d3a76111064f86c8bbf2"

final-form@^4.12.0:
  version "4.12.0"
  resolved "https://registry.yarnpkg.com/final-form/-/final-form-4.12.0.tgz#1844e2a3bc9789d51115c76a94d0ea6a19e219c0"
  dependencies:
    "@babel/runtime" "^7.3.1"

frontier-forms@../frontier-forms:
  version "0.0.1"
  dependencies:
    ajv "^6.10.0"
    apollo-client "^2.5.1"
    final-form "^4.12.0"
    graphql-2-json-schema "^0.1.1"
    graphql-tag "^2.10.1"
    lodash "^4.17.11"
    react "^16.8.6"

functional-json-schema@0.0.2-3:
  version "0.0.2-3"
  resolved "https://registry.yarnpkg.com/functional-json-schema/-/functional-json-schema-0.0.2-3.tgz#51e62e82d2b0b93447b13b204601618683d81cd3"
  dependencies:
    lodash "^4.17.10"

graphql-2-json-schema@^0.1.1:
  version "0.1.1"
  resolved "https://registry.yarnpkg.com/graphql-2-json-schema/-/graphql-2-json-schema-0.1.1.tgz#77e1f9b2b9513bd38ac9e751e7e6f1096399a89f"
  dependencies:
    functional-json-schema "0.0.2-3"
    lodash "^4.17.10"

graphql-tag@^2.10.1:
  version "2.10.1"
  resolved "https://registry.yarnpkg.com/graphql-tag/-/graphql-tag-2.10.1.tgz#10aa41f1cd8fae5373eaf11f1f67260a3cad5e02"

"js-tokens@^3.0.0 || ^4.0.0":
  version "4.0.0"
  resolved "https://registry.yarnpkg.com/js-tokens/-/js-tokens-4.0.0.tgz#19203fb59991df98e3a287050d4647cdeaf32499"

json-schema-traverse@^0.4.1:
  version "0.4.1"
  resolved "https://registry.yarnpkg.com/json-schema-traverse/-/json-schema-traverse-0.4.1.tgz#69f6a87d9513ab8bb8fe63bdb0979c448e684660"

keyboard-key@^1.0.4:
  version "1.0.4"
  resolved "https://registry.yarnpkg.com/keyboard-key/-/keyboard-key-1.0.4.tgz#52d8fa07b7e17757072aa22a67fb4ae85e4c46b0"

lodash@^4.17.10, lodash@^4.17.11:
  version "4.17.11"
  resolved "https://registry.yarnpkg.com/lodash/-/lodash-4.17.11.tgz#b39ea6229ef607ecd89e2c8df12536891cac9b8d"

loose-envify@^1.1.0, loose-envify@^1.4.0:
  version "1.4.0"
  resolved "https://registry.yarnpkg.com/loose-envify/-/loose-envify-1.4.0.tgz#71ee51fa7be4caec1a63839f7e682d8132d30caf"
  dependencies:
    js-tokens "^3.0.0 || ^4.0.0"

object-assign@^4.1.1:
  version "4.1.1"
  resolved "https://registry.yarnpkg.com/object-assign/-/object-assign-4.1.1.tgz#2109adc7965887cfc05cbbd442cac8bfbb360863"

prop-types@^15.6.2:
  version "15.7.2"
  resolved "https://registry.yarnpkg.com/prop-types/-/prop-types-15.7.2.tgz#52c41e75b8c87e72b9d9360e0206b99dcbffa6c5"
  dependencies:
    loose-envify "^1.4.0"
    object-assign "^4.1.1"
    react-is "^16.8.1"

punycode@^2.1.0:
  version "2.1.1"
  resolved "https://registry.yarnpkg.com/punycode/-/punycode-2.1.1.tgz#b58b010ac40c22c5657616c8d2c2c02c7bf479ec"

react-is@^16.7.0, react-is@^16.8.1:
  version "16.8.6"
  resolved "https://registry.yarnpkg.com/react-is/-/react-is-16.8.6.tgz#5bbc1e2d29141c9fbdfed456343fe2bc430a6a16"

react@^16.8.6:
  version "16.8.6"
  resolved "https://registry.yarnpkg.com/react/-/react-16.8.6.tgz#ad6c3a9614fd3a4e9ef51117f54d888da01f2bbe"
  dependencies:
    loose-envify "^1.1.0"
    object-assign "^4.1.1"
    prop-types "^15.6.2"
    scheduler "^0.13.6"

regenerator-runtime@^0.13.2:
  version "0.13.2"
  resolved "https://registry.yarnpkg.com/regenerator-runtime/-/regenerator-runtime-0.13.2.tgz#32e59c9a6fb9b1a4aff09b4930ca2d4477343447"

scheduler@^0.13.6:
  version "0.13.6"
  resolved "https://registry.yarnpkg.com/scheduler/-/scheduler-0.13.6.tgz#466a4ec332467b31a91b9bf74e5347072e4cd889"
  dependencies:
    loose-envify "^1.1.0"
    object-assign "^4.1.1"

semantic-ui-react@^0.86.0:
  version "0.86.0"
  resolved "https://registry.yarnpkg.com/semantic-ui-react/-/semantic-ui-react-0.86.0.tgz#f3c6a27250f2e9e07a975d0a3399ffd3a48861b5"
  dependencies:
    "@babel/runtime" "^7.1.2"
    "@semantic-ui-react/event-stack" "^3.1.0"
    classnames "^2.2.6"
    keyboard-key "^1.0.4"
    lodash "^4.17.11"
    prop-types "^15.6.2"
    react-is "^16.7.0"
    shallowequal "^1.1.0"

shallowequal@^1.1.0:
  version "1.1.0"
  resolved "https://registry.yarnpkg.com/shallowequal/-/shallowequal-1.1.0.tgz#188d521de95b9087404fd4dcb68b13df0ae4e7f8"

symbol-observable@^1.0.2:
  version "1.2.0"
  resolved "https://registry.yarnpkg.com/symbol-observable/-/symbol-observable-1.2.0.tgz#c22688aed4eab3cdc2dfeacbb561660560a00804"

ts-invariant@^0.2.1:
  version "0.2.1"
  resolved "https://registry.yarnpkg.com/ts-invariant/-/ts-invariant-0.2.1.tgz#3d587f9d6e3bded97bf9ec17951dd9814d5a9d3f"
  dependencies:
    tslib "^1.9.3"

ts-invariant@^0.3.2:
  version "0.3.3"
  resolved "https://registry.yarnpkg.com/ts-invariant/-/ts-invariant-0.3.3.tgz#b5742b1885ecf9e29c31a750307480f045ec0b16"
  dependencies:
    tslib "^1.9.3"

tslib@^1.9.3:
  version "1.9.3"
  resolved "https://registry.yarnpkg.com/tslib/-/tslib-1.9.3.tgz#d7e4dd79245d85428c4d7e4822a79917954ca286"

typescript@^3.4.3:
  version "3.4.3"
  resolved "https://registry.yarnpkg.com/typescript/-/typescript-3.4.3.tgz#0eb320e4ace9b10eadf5bc6103286b0f8b7c224f"

uri-js@^4.2.2:
  version "4.2.2"
  resolved "https://registry.yarnpkg.com/uri-js/-/uri-js-4.2.2.tgz#94c540e1ff772956e2299507c010aea6c8838eb0"
  dependencies:
    punycode "^2.1.0"

zen-observable-ts@^0.8.18:
  version "0.8.18"
  resolved "https://registry.yarnpkg.com/zen-observable-ts/-/zen-observable-ts-0.8.18.tgz#ade44b1060cc4a800627856ec10b9c67f5f639c8"
  dependencies:
    tslib "^1.9.3"
    zen-observable "^0.8.0"

zen-observable@^0.8.0:
  version "0.8.14"
  resolved "https://registry.yarnpkg.com/zen-observable/-/zen-observable-0.8.14.tgz#d33058359d335bc0db1f0af66158b32872af3bf7"
